// !$*UTF8*$!
{
	archiveVersion = 1;
	classes = {
	};
	objectVersion = 50;
	objects = {

/* Begin PBXBuildFile section */
		F73A00AD25BE79FE00A7F70A /* AppDelegate.swift in Sources */ = {isa = PBXBuildFile; fileRef = F73A00AC25BE79FE00A7F70A /* AppDelegate.swift */; };
		F73A00AF25BE79FE00A7F70A /* SceneDelegate.swift in Sources */ = {isa = PBXBuildFile; fileRef = F73A00AE25BE79FE00A7F70A /* SceneDelegate.swift */; };
		F73A00B125BE79FE00A7F70A /* MainViewController.swift in Sources */ = {isa = PBXBuildFile; fileRef = F73A00B025BE79FE00A7F70A /* MainViewController.swift */; };
		F73A00B425BE79FE00A7F70A /* Main.storyboard in Resources */ = {isa = PBXBuildFile; fileRef = F73A00B225BE79FE00A7F70A /* Main.storyboard */; };
		F73A00B625BE7A0100A7F70A /* Assets.xcassets in Resources */ = {isa = PBXBuildFile; fileRef = F73A00B525BE7A0100A7F70A /* Assets.xcassets */; };
		F73A00B925BE7A0100A7F70A /* LaunchScreen.storyboard in Resources */ = {isa = PBXBuildFile; fileRef = F73A00B725BE7A0100A7F70A /* LaunchScreen.storyboard */; };
		F73A010325BEC46200A7F70A /* LiveCell.swift in Sources */ = {isa = PBXBuildFile; fileRef = F73A010225BEC46200A7F70A /* LiveCell.swift */; };
		F73A010A25BEC8DE00A7F70A /* Live.swift in Sources */ = {isa = PBXBuildFile; fileRef = F73A010925BEC8DE00A7F70A /* Live.swift */; };
		F73A010E25BEC98900A7F70A /* OriginalCell.swift in Sources */ = {isa = PBXBuildFile; fileRef = F73A010D25BEC98900A7F70A /* OriginalCell.swift */; };
		F73A011125BEC99100A7F70A /* Clip.swift in Sources */ = {isa = PBXBuildFile; fileRef = F73A011025BEC99100A7F70A /* Clip.swift */; };
		F73A012125BFD38100A7F70A /* VideoCollectionViewCell.swift in Sources */ = {isa = PBXBuildFile; fileRef = F73A012025BFD38100A7F70A /* VideoCollectionViewCell.swift */; };
		F73A012525BFDCE200A7F70A /* ViewCollectionViewLayout.swift in Sources */ = {isa = PBXBuildFile; fileRef = F73A012425BFDCE200A7F70A /* ViewCollectionViewLayout.swift */; };
		F73A012925BFDD2800A7F70A /* VideoCollectionView.swift in Sources */ = {isa = PBXBuildFile; fileRef = F73A012825BFDD2800A7F70A /* VideoCollectionView.swift */; };
		F73A012C25C000C100A7F70A /* Channel.swift in Sources */ = {isa = PBXBuildFile; fileRef = F73A012B25C000C100A7F70A /* Channel.swift */; };
/* End PBXBuildFile section */

/* Begin PBXFileReference section */
		F73A00A925BE79FE00A7F70A /* TVApp.app */ = {isa = PBXFileReference; explicitFileType = wrapper.application; includeInIndex = 0; path = TVApp.app; sourceTree = BUILT_PRODUCTS_DIR; };
		F73A00AC25BE79FE00A7F70A /* AppDelegate.swift */ = {isa = PBXFileReference; lastKnownFileType = sourcecode.swift; path = AppDelegate.swift; sourceTree = "<group>"; };
		F73A00AE25BE79FE00A7F70A /* SceneDelegate.swift */ = {isa = PBXFileReference; lastKnownFileType = sourcecode.swift; path = SceneDelegate.swift; sourceTree = "<group>"; };
		F73A00B025BE79FE00A7F70A /* MainViewController.swift */ = {isa = PBXFileReference; lastKnownFileType = sourcecode.swift; path = MainViewController.swift; sourceTree = "<group>"; };
		F73A00B325BE79FE00A7F70A /* Base */ = {isa = PBXFileReference; lastKnownFileType = file.storyboard; name = Base; path = Base.lproj/Main.storyboard; sourceTree = "<group>"; };
		F73A00B525BE7A0100A7F70A /* Assets.xcassets */ = {isa = PBXFileReference; lastKnownFileType = folder.assetcatalog; path = Assets.xcassets; sourceTree = "<group>"; };
		F73A00B825BE7A0100A7F70A /* Base */ = {isa = PBXFileReference; lastKnownFileType = file.storyboard; name = Base; path = Base.lproj/LaunchScreen.storyboard; sourceTree = "<group>"; };
		F73A00BA25BE7A0100A7F70A /* Info.plist */ = {isa = PBXFileReference; lastKnownFileType = text.plist.xml; path = Info.plist; sourceTree = "<group>"; };
		F73A010225BEC46200A7F70A /* LiveCell.swift */ = {isa = PBXFileReference; lastKnownFileType = sourcecode.swift; path = LiveCell.swift; sourceTree = "<group>"; };
		F73A010925BEC8DE00A7F70A /* Live.swift */ = {isa = PBXFileReference; lastKnownFileType = sourcecode.swift; path = Live.swift; sourceTree = "<group>"; };
		F73A010D25BEC98900A7F70A /* OriginalCell.swift */ = {isa = PBXFileReference; lastKnownFileType = sourcecode.swift; path = OriginalCell.swift; sourceTree = "<group>"; };
		F73A011025BEC99100A7F70A /* Clip.swift */ = {isa = PBXFileReference; lastKnownFileType = sourcecode.swift; path = Clip.swift; sourceTree = "<group>"; };
		F73A012025BFD38100A7F70A /* VideoCollectionViewCell.swift */ = {isa = PBXFileReference; lastKnownFileType = sourcecode.swift; path = VideoCollectionViewCell.swift; sourceTree = "<group>"; };
		F73A012425BFDCE200A7F70A /* ViewCollectionViewLayout.swift */ = {isa = PBXFileReference; lastKnownFileType = sourcecode.swift; path = ViewCollectionViewLayout.swift; sourceTree = "<group>"; };
		F73A012825BFDD2800A7F70A /* VideoCollectionView.swift */ = {isa = PBXFileReference; lastKnownFileType = sourcecode.swift; path = VideoCollectionView.swift; sourceTree = "<group>"; };
		F73A012B25C000C100A7F70A /* Channel.swift */ = {isa = PBXFileReference; lastKnownFileType = sourcecode.swift; path = Channel.swift; sourceTree = "<group>"; };
/* End PBXFileReference section */

/* Begin PBXFrameworksBuildPhase section */
		F73A00A625BE79FE00A7F70A /* Frameworks */ = {
			isa = PBXFrameworksBuildPhase;
			buildActionMask = 2147483647;
			files = (
			);
			runOnlyForDeploymentPostprocessing = 0;
		};
/* End PBXFrameworksBuildPhase section */

/* Begin PBXGroup section */
		F73A00A025BE79FE00A7F70A = {
			isa = PBXGroup;
			children = (
				F73A00AB25BE79FE00A7F70A /* TVApp */,
				F73A00AA25BE79FE00A7F70A /* Products */,
			);
			sourceTree = "<group>";
		};
		F73A00AA25BE79FE00A7F70A /* Products */ = {
			isa = PBXGroup;
			children = (
				F73A00A925BE79FE00A7F70A /* TVApp.app */,
			);
			name = Products;
			sourceTree = "<group>";
		};
		F73A00AB25BE79FE00A7F70A /* TVApp */ = {
			isa = PBXGroup;
			children = (
				F73A012325BFDCAD00A7F70A /* Layout */,
				F73A00FF25BEC43C00A7F70A /* Protocol */,
				F73A00FE25BEC41400A7F70A /* Model */,
				F73A00FD25BEC40D00A7F70A /* Controller */,
				F73A00FC25BEC40700A7F70A /* View */,
				F73A00AC25BE79FE00A7F70A /* AppDelegate.swift */,
				F73A00AE25BE79FE00A7F70A /* SceneDelegate.swift */,
				F73A00B225BE79FE00A7F70A /* Main.storyboard */,
				F73A00B525BE7A0100A7F70A /* Assets.xcassets */,
				F73A00B725BE7A0100A7F70A /* LaunchScreen.storyboard */,
				F73A00BA25BE7A0100A7F70A /* Info.plist */,
			);
			path = TVApp;
			sourceTree = "<group>";
		};
		F73A00FC25BEC40700A7F70A /* View */ = {
			isa = PBXGroup;
			children = (
				F73A012025BFD38100A7F70A /* VideoCollectionViewCell.swift */,
				F73A012825BFDD2800A7F70A /* VideoCollectionView.swift */,
			);
			path = View;
			sourceTree = "<group>";
		};
		F73A00FD25BEC40D00A7F70A /* Controller */ = {
			isa = PBXGroup;
			children = (
				F73A00B025BE79FE00A7F70A /* MainViewController.swift */,
			);
			path = Controller;
			sourceTree = "<group>";
		};
		F73A00FE25BEC41400A7F70A /* Model */ = {
			isa = PBXGroup;
			children = (
				F73A010225BEC46200A7F70A /* LiveCell.swift */,
				F73A010925BEC8DE00A7F70A /* Live.swift */,
				F73A010D25BEC98900A7F70A /* OriginalCell.swift */,
				F73A011025BEC99100A7F70A /* Clip.swift */,
				F73A012B25C000C100A7F70A /* Channel.swift */,
			);
			path = Model;
			sourceTree = "<group>";
		};
		F73A00FF25BEC43C00A7F70A /* Protocol */ = {
			isa = PBXGroup;
			children = (
			);
			path = Protocol;
			sourceTree = "<group>";
		};
		F73A012325BFDCAD00A7F70A /* Layout */ = {
			isa = PBXGroup;
			children = (
				F73A012425BFDCE200A7F70A /* ViewCollectionViewLayout.swift */,
			);
			path = Layout;
			sourceTree = "<group>";
		};
/* End PBXGroup section */

/* Begin PBXNativeTarget section */
		F73A00A825BE79FE00A7F70A /* TVApp */ = {
			isa = PBXNativeTarget;
			buildConfigurationList = F73A00BD25BE7A0100A7F70A /* Build configuration list for PBXNativeTarget "TVApp" */;
			buildPhases = (
				F73A00A525BE79FE00A7F70A /* Sources */,
				F73A00A625BE79FE00A7F70A /* Frameworks */,
				F73A00A725BE79FE00A7F70A /* Resources */,
			);
			buildRules = (
			);
			dependencies = (
			);
			name = TVApp;
			productName = TVApp;
			productReference = F73A00A925BE79FE00A7F70A /* TVApp.app */;
			productType = "com.apple.product-type.application";
		};
/* End PBXNativeTarget section */

/* Begin PBXProject section */
		F73A00A125BE79FE00A7F70A /* Project object */ = {
			isa = PBXProject;
			attributes = {
				LastSwiftUpdateCheck = 1230;
				LastUpgradeCheck = 1230;
				TargetAttributes = {
					F73A00A825BE79FE00A7F70A = {
						CreatedOnToolsVersion = 12.3;
					};
				};
			};
			buildConfigurationList = F73A00A425BE79FE00A7F70A /* Build configuration list for PBXProject "TVApp" */;
			compatibilityVersion = "Xcode 9.3";
			developmentRegion = en;
			hasScannedForEncodings = 0;
			knownRegions = (
				en,
				Base,
			);
			mainGroup = F73A00A025BE79FE00A7F70A;
			productRefGroup = F73A00AA25BE79FE00A7F70A /* Products */;
			projectDirPath = "";
			projectRoot = "";
			targets = (
				F73A00A825BE79FE00A7F70A /* TVApp */,
			);
		};
/* End PBXProject section */

/* Begin PBXResourcesBuildPhase section */
		F73A00A725BE79FE00A7F70A /* Resources */ = {
			isa = PBXResourcesBuildPhase;
			buildActionMask = 2147483647;
			files = (
				F73A00B925BE7A0100A7F70A /* LaunchScreen.storyboard in Resources */,
				F73A00B625BE7A0100A7F70A /* Assets.xcassets in Resources */,
				F73A00B425BE79FE00A7F70A /* Main.storyboard in Resources */,
			);
			runOnlyForDeploymentPostprocessing = 0;
		};
/* End PBXResourcesBuildPhase section */

/* Begin PBXSourcesBuildPhase section */
		F73A00A525BE79FE00A7F70A /* Sources */ = {
			isa = PBXSourcesBuildPhase;
			buildActionMask = 2147483647;
			files = (
				F73A012925BFDD2800A7F70A /* VideoCollectionView.swift in Sources */,
				F73A00B125BE79FE00A7F70A /* MainViewController.swift in Sources */,
				F73A012C25C000C100A7F70A /* Channel.swift in Sources */,
				F73A010325BEC46200A7F70A /* LiveCell.swift in Sources */,
				F73A011125BEC99100A7F70A /* Clip.swift in Sources */,
				F73A00AD25BE79FE00A7F70A /* AppDelegate.swift in Sources */,
				F73A00AF25BE79FE00A7F70A /* SceneDelegate.swift in Sources */,
				F73A010E25BEC98900A7F70A /* OriginalCell.swift in Sources */,
				F73A012525BFDCE200A7F70A /* ViewCollectionViewLayout.swift in Sources */,
				F73A012125BFD38100A7F70A /* VideoCollectionViewCell.swift in Sources */,
				F73A010A25BEC8DE00A7F70A /* Live.swift in Sources */,
			);
			runOnlyForDeploymentPostprocessing = 0;
		};
/* End PBXSourcesBuildPhase section */

/* Begin PBXVariantGroup section */
		F73A00B225BE79FE00A7F70A /* Main.storyboard */ = {
			isa = PBXVariantGroup;
			children = (
				F73A00B325BE79FE00A7F70A /* Base */,
			);
			name = Main.storyboard;
			sourceTree = "<group>";
		};
		F73A00B725BE7A0100A7F70A /* LaunchScreen.storyboard */ = {
			isa = PBXVariantGroup;
			children = (
				F73A00B825BE7A0100A7F70A /* Base */,
			);
			name = LaunchScreen.storyboard;
			sourceTree = "<group>";
		};
/* End PBXVariantGroup section */

/* Begin XCBuildConfiguration section */
		F73A00BB25BE7A0100A7F70A /* Debug */ = {
			isa = XCBuildConfiguration;
			buildSettings = {
				ALWAYS_SEARCH_USER_PATHS = NO;
				CLANG_ANALYZER_NONNULL = YES;
				CLANG_ANALYZER_NUMBER_OBJECT_CONVERSION = YES_AGGRESSIVE;
				CLANG_CXX_LANGUAGE_STANDARD = "gnu++14";
				CLANG_CXX_LIBRARY = "libc++";
				CLANG_ENABLE_MODULES = YES;
				CLANG_ENABLE_OBJC_ARC = YES;
				CLANG_ENABLE_OBJC_WEAK = YES;
				CLANG_WARN_BLOCK_CAPTURE_AUTORELEASING = YES;
				CLANG_WARN_BOOL_CONVERSION = YES;
				CLANG_WARN_COMMA = YES;
				CLANG_WARN_CONSTANT_CONVERSION = YES;
				CLANG_WARN_DEPRECATED_OBJC_IMPLEMENTATIONS = YES;
				CLANG_WARN_DIRECT_OBJC_ISA_USAGE = YES_ERROR;
				CLANG_WARN_DOCUMENTATION_COMMENTS = YES;
				CLANG_WARN_EMPTY_BODY = YES;
				CLANG_WARN_ENUM_CONVERSION = YES;
				CLANG_WARN_INFINITE_RECURSION = YES;
				CLANG_WARN_INT_CONVERSION = YES;
				CLANG_WARN_NON_LITERAL_NULL_CONVERSION = YES;
				CLANG_WARN_OBJC_IMPLICIT_RETAIN_SELF = YES;
				CLANG_WARN_OBJC_LITERAL_CONVERSION = YES;
				CLANG_WARN_OBJC_ROOT_CLASS = YES_ERROR;
				CLANG_WARN_QUOTED_INCLUDE_IN_FRAMEWORK_HEADER = YES;
				CLANG_WARN_RANGE_LOOP_ANALYSIS = YES;
				CLANG_WARN_STRICT_PROTOTYPES = YES;
				CLANG_WARN_SUSPICIOUS_MOVE = YES;
				CLANG_WARN_UNGUARDED_AVAILABILITY = YES_AGGRESSIVE;
				CLANG_WARN_UNREACHABLE_CODE = YES;
				CLANG_WARN__DUPLICATE_METHOD_MATCH = YES;
				COPY_PHASE_STRIP = NO;
				DEBUG_INFORMATION_FORMAT = dwarf;
				ENABLE_STRICT_OBJC_MSGSEND = YES;
				ENABLE_TESTABILITY = YES;
				GCC_C_LANGUAGE_STANDARD = gnu11;
				GCC_DYNAMIC_NO_PIC = NO;
				GCC_NO_COMMON_BLOCKS = YES;
				GCC_OPTIMIZATION_LEVEL = 0;
				GCC_PREPROCESSOR_DEFINITIONS = (
					"DEBUG=1",
					"$(inherited)",
				);
				GCC_WARN_64_TO_32_BIT_CONVERSION = YES;
				GCC_WARN_ABOUT_RETURN_TYPE = YES_ERROR;
				GCC_WARN_UNDECLARED_SELECTOR = YES;
				GCC_WARN_UNINITIALIZED_AUTOS = YES_AGGRESSIVE;
				GCC_WARN_UNUSED_FUNCTION = YES;
				GCC_WARN_UNUSED_VARIABLE = YES;
				IPHONEOS_DEPLOYMENT_TARGET = 14.3;
				MTL_ENABLE_DEBUG_INFO = INCLUDE_SOURCE;
				MTL_FAST_MATH = YES;
				ONLY_ACTIVE_ARCH = YES;
				SDKROOT = iphoneos;
				SWIFT_ACTIVE_COMPILATION_CONDITIONS = DEBUG;
				SWIFT_OPTIMIZATION_LEVEL = "-Onone";
			};
			name = Debug;
		};
		F73A00BC25BE7A0100A7F70A /* Release */ = {
			isa = XCBuildConfiguration;
			buildSettings = {
				ALWAYS_SEARCH_USER_PATHS = NO;
				CLANG_ANALYZER_NONNULL = YES;
				CLANG_ANALYZER_NUMBER_OBJECT_CONVERSION = YES_AGGRESSIVE;
				CLANG_CXX_LANGUAGE_STANDARD = "gnu++14";
				CLANG_CXX_LIBRARY = "libc++";
				CLANG_ENABLE_MODULES = YES;
				CLANG_ENABLE_OBJC_ARC = YES;
				CLANG_ENABLE_OBJC_WEAK = YES;
				CLANG_WARN_BLOCK_CAPTURE_AUTORELEASING = YES;
				CLANG_WARN_BOOL_CONVERSION = YES;
				CLANG_WARN_COMMA = YES;
				CLANG_WARN_CONSTANT_CONVERSION = YES;
				CLANG_WARN_DEPRECATED_OBJC_IMPLEMENTATIONS = YES;
				CLANG_WARN_DIRECT_OBJC_ISA_USAGE = YES_ERROR;
				CLANG_WARN_DOCUMENTATION_COMMENTS = YES;
				CLANG_WARN_EMPTY_BODY = YES;
				CLANG_WARN_ENUM_CONVERSION = YES;
				CLANG_WARN_INFINITE_RECURSION = YES;
				CLANG_WARN_INT_CONVERSION = YES;
				CLANG_WARN_NON_LITERAL_NULL_CONVERSION = YES;
				CLANG_WARN_OBJC_IMPLICIT_RETAIN_SELF = YES;
				CLANG_WARN_OBJC_LITERAL_CONVERSION = YES;
				CLANG_WARN_OBJC_ROOT_CLASS = YES_ERROR;
				CLANG_WARN_QUOTED_INCLUDE_IN_FRAMEWORK_HEADER = YES;
				CLANG_WARN_RANGE_LOOP_ANALYSIS = YES;
				CLANG_WARN_STRICT_PROTOTYPES = YES;
				CLANG_WARN_SUSPICIOUS_MOVE = YES;
				CLANG_WARN_UNGUARDED_AVAILABILITY = YES_AGGRESSIVE;
				CLANG_WARN_UNREACHABLE_CODE = YES;
				CLANG_WARN__DUPLICATE_METHOD_MATCH = YES;
				COPY_PHASE_STRIP = NO;
				DEBUG_INFORMATION_FORMAT = "dwarf-with-dsym";
				ENABLE_NS_ASSERTIONS = NO;
				ENABLE_STRICT_OBJC_MSGSEND = YES;
				GCC_C_LANGUAGE_STANDARD = gnu11;
				GCC_NO_COMMON_BLOCKS = YES;
				GCC_WARN_64_TO_32_BIT_CONVERSION = YES;
				GCC_WARN_ABOUT_RETURN_TYPE = YES_ERROR;
				GCC_WARN_UNDECLARED_SELECTOR = YES;
				GCC_WARN_UNINITIALIZED_AUTOS = YES_AGGRESSIVE;
				GCC_WARN_UNUSED_FUNCTION = YES;
				GCC_WARN_UNUSED_VARIABLE = YES;
				IPHONEOS_DEPLOYMENT_TARGET = 14.3;
				MTL_ENABLE_DEBUG_INFO = NO;
				MTL_FAST_MATH = YES;
				SDKROOT = iphoneos;
				SWIFT_COMPILATION_MODE = wholemodule;
				SWIFT_OPTIMIZATION_LEVEL = "-O";
				VALIDATE_PRODUCT = YES;
			};
			name = Release;
		};
		F73A00BE25BE7A0100A7F70A /* Debug */ = {
			isa = XCBuildConfiguration;
			buildSettings = {
				ASSETCATALOG_COMPILER_APPICON_NAME = AppIcon;
				ASSETCATALOG_COMPILER_GLOBAL_ACCENT_COLOR_NAME = AccentColor;
				CODE_SIGN_STYLE = Automatic;
				INFOPLIST_FILE = TVApp/Info.plist;
				LD_RUNPATH_SEARCH_PATHS = (
					"$(inherited)",
					"@executable_path/Frameworks",
				);
				PRODUCT_BUNDLE_IDENTIFIER = com.kakaocorp.TVApp;
				PRODUCT_NAME = "$(TARGET_NAME)";
				SWIFT_VERSION = 5.0;
				TARGETED_DEVICE_FAMILY = "1,2";
			};
			name = Debug;
		};
		F73A00BF25BE7A0100A7F70A /* Release */ = {
			isa = XCBuildConfiguration;
			buildSettings = {
				ASSETCATALOG_COMPILER_APPICON_NAME = AppIcon;
				ASSETCATALOG_COMPILER_GLOBAL_ACCENT_COLOR_NAME = AccentColor;
				CODE_SIGN_STYLE = Automatic;
				INFOPLIST_FILE = TVApp/Info.plist;
				LD_RUNPATH_SEARCH_PATHS = (
					"$(inherited)",
					"@executable_path/Frameworks",
				);
				PRODUCT_BUNDLE_IDENTIFIER = com.kakaocorp.TVApp;
				PRODUCT_NAME = "$(TARGET_NAME)";
				SWIFT_VERSION = 5.0;
				TARGETED_DEVICE_FAMILY = "1,2";
			};
			name = Release;
		};
/* End XCBuildConfiguration section */

/* Begin XCConfigurationList section */
		F73A00A425BE79FE00A7F70A /* Build configuration list for PBXProject "TVApp" */ = {
			isa = XCConfigurationList;
			buildConfigurations = (
				F73A00BB25BE7A0100A7F70A /* Debug */,
				F73A00BC25BE7A0100A7F70A /* Release */,
			);
			defaultConfigurationIsVisible = 0;
			defaultConfigurationName = Release;
		};
		F73A00BD25BE7A0100A7F70A /* Build configuration list for PBXNativeTarget "TVApp" */ = {
			isa = XCConfigurationList;
			buildConfigurations = (
				F73A00BE25BE7A0100A7F70A /* Debug */,
				F73A00BF25BE7A0100A7F70A /* Release */,
			);
			defaultConfigurationIsVisible = 0;
			defaultConfigurationName = Release;
		};
/* End XCConfigurationList section */
	};
	rootObject = F73A00A125BE79FE00A7F70A /* Project object */;
}
